github.com/jsandas/starttls-go v1.0.1 h1:DTCil8+gxVnJlUfJhmfxJMkw6tdIRNRIwKg4rfX6cms=
github.com/jsandas/starttls-go v1.0.1/go.mod h1:8rDGnKnQzjlklSUrFapPjIruWb32Zi6Mq7sZrJ3XKHs=
golang.org/x/crypto v0.43.0 h1:dduJYIi3A3KOfdGOHX8AVZ/jGiyPa3IbBozJ5kNuE04=
golang.org/x/crypto v0.43.0/go.mod h1:BFbav4mRNlXJL4wNeejLpWxB7wMbc79PdRGhWKncxR0=
